
Microsoft Visual Studio Solution File, Format Version 11.00
# Visual Studio 2010
Project("{FAE04EC0-301F-11D3-BF4B-00C04F79EFBC}") = "MvcIntroduction", "MvcIntroduction\MvcIntroduction.csproj", "{CE77CDD2-7B26-4E61-A850-FAC8A9CE548F}"
EndProject
Project("{FAE04EC0-301F-11D3-BF4B-00C04F79EFBC}") = "MvcIntroduction.Tests", "MvcIntroduction.Tests\MvcIntroduction.Tests.csproj", "{26F4AB3A-B89A-4204-9FB3-063E8AB4F139}"
EndProject
Global
	GlobalSection(SolutionConfigurationPlatforms) = preSolution
		Debug|Any CPU = Debug|Any CPU
		Release|Any CPU = Release|Any CPU
	EndGlobalSection
	GlobalSection(ProjectConfigurationPlatforms) = postSolution
		{CE77CDD2-7B26-4E61-A850-FAC8A9CE548F}.Debug|Any CPU.ActiveCfg = Debug|Any CPU
		{CE77CDD2-7B26-4E61-A850-FAC8A9CE548F}.Debug|Any CPU.Build.0 = Debug|Any CPU
		{CE77CDD2-7B26-4E61-A850-FAC8A9CE548F}.Release|Any CPU.ActiveCfg = Release|Any CPU
		{CE77CDD2-7B26-4E61-A850-FAC8A9CE548F}.Release|Any CPU.Build.0 = Release|Any CPU
		{26F4AB3A-B89A-4204-9FB3-063E8AB4F139}.Debug|Any CPU.ActiveCfg = Debug|Any CPU
		{26F4AB3A-B89A-4204-9FB3-063E8AB4F139}.Debug|Any CPU.Build.0 = Debug|Any CPU
		{26F4AB3A-B89A-4204-9FB3-063E8AB4F139}.Release|Any CPU.ActiveCfg = Release|Any CPU
		{26F4AB3A-B89A-4204-9FB3-063E8AB4F139}.Release|Any CPU.Build.0 = Release|Any CPU
	EndGlobalSection
	GlobalSection(SolutionProperties) = preSolution
		HideSolutionNode = FALSE
	EndGlobalSection
EndGlobal
